
Microsoft Visual Studio Solution File, Format Version 12.00
# Visual Studio Version 17
VisualStudioVersion = 17.8.34227.203
MinimumVisualStudioVersion = 10.0.40219.1
Project("{9A19103F-16F7-4668-BE54-9A1E7A4F7556}") = "FIleStoreServer", "FIleStoreServer\FIleStoreServer.csproj", "{298DBD5B-7572-48C8-926E-65E47D761FA6}"
EndProject
Project("{9A19103F-16F7-4668-BE54-9A1E7A4F7556}") = "RabbitMQ_Lib", "RabbitMQ_Lib\RabbitMQ_Lib.csproj", "{71840B0A-4B64-4DD6-B827-91CBD5EBD6F5}"
EndProject
Project("{2150E333-8FDC-42A3-9474-1A3956D46DE8}") = "Repository", "Repository", "{3D19ACF8-B76C-4DA1-8193-2F653C611858}"
EndProject
Project("{FAE04EC0-301F-11D3-BF4B-00C04F79EFBC}") = "RepositoryFile", "RepositoryFile\RepositoryFile.csproj", "{9E65E7C6-86C7-4A02-B56B-2CF44F012495}"
EndProject
Global
	GlobalSection(SolutionConfigurationPlatforms) = preSolution
		Debug|Any CPU = Debug|Any CPU
		Release|Any CPU = Release|Any CPU
	EndGlobalSection
	GlobalSection(ProjectConfigurationPlatforms) = postSolution
		{298DBD5B-7572-48C8-926E-65E47D761FA6}.Debug|Any CPU.ActiveCfg = Debug|Any CPU
		{298DBD5B-7572-48C8-926E-65E47D761FA6}.Debug|Any CPU.Build.0 = Debug|Any CPU
		{298DBD5B-7572-48C8-926E-65E47D761FA6}.Release|Any CPU.ActiveCfg = Release|Any CPU
		{298DBD5B-7572-48C8-926E-65E47D761FA6}.Release|Any CPU.Build.0 = Release|Any CPU
		{71840B0A-4B64-4DD6-B827-91CBD5EBD6F5}.Debug|Any CPU.ActiveCfg = Debug|Any CPU
		{71840B0A-4B64-4DD6-B827-91CBD5EBD6F5}.Debug|Any CPU.Build.0 = Debug|Any CPU
		{71840B0A-4B64-4DD6-B827-91CBD5EBD6F5}.Release|Any CPU.ActiveCfg = Release|Any CPU
		{71840B0A-4B64-4DD6-B827-91CBD5EBD6F5}.Release|Any CPU.Build.0 = Release|Any CPU
		{9E65E7C6-86C7-4A02-B56B-2CF44F012495}.Debug|Any CPU.ActiveCfg = Debug|Any CPU
		{9E65E7C6-86C7-4A02-B56B-2CF44F012495}.Debug|Any CPU.Build.0 = Debug|Any CPU
		{9E65E7C6-86C7-4A02-B56B-2CF44F012495}.Release|Any CPU.ActiveCfg = Release|Any CPU
		{9E65E7C6-86C7-4A02-B56B-2CF44F012495}.Release|Any CPU.Build.0 = Release|Any CPU
	EndGlobalSection
	GlobalSection(SolutionProperties) = preSolution
		HideSolutionNode = FALSE
	EndGlobalSection
	GlobalSection(NestedProjects) = preSolution
		{9E65E7C6-86C7-4A02-B56B-2CF44F012495} = {3D19ACF8-B76C-4DA1-8193-2F653C611858}
	EndGlobalSection
	GlobalSection(ExtensibilityGlobals) = postSolution
		SolutionGuid = {B2AA2BBF-2208-4EE6-B4E1-3B3EF8CD0A64}
	EndGlobalSection
EndGlobal
