
Microsoft Visual Studio Solution File, Format Version 12.00
# Visual Studio Version 17
VisualStudioVersion = 17.6.33723.286
MinimumVisualStudioVersion = 10.0.40219.1
Project("{2150E333-8FDC-42A3-9474-1A3956D46DE8}") = "Microservices", "Microservices", "{738A17F6-2E2A-4159-B3A0-A8A5ACE994BF}"
EndProject
Project("{2150E333-8FDC-42A3-9474-1A3956D46DE8}") = "ApiGateway", "ApiGateway", "{25C1BB86-8A2C-4FC8-BA7E-E2FA35BAB276}"
EndProject
Project("{9A19103F-16F7-4668-BE54-9A1E7A4F7556}") = "Classroom_Data", "Classroom_Data\Classroom_Data.csproj", "{BBBE1631-5558-4F1A-B6A9-8D1BF63DB6C6}"
EndProject
Project("{9A19103F-16F7-4668-BE54-9A1E7A4F7556}") = "Classroom_Application", "Classroom_Application\Classroom_Application.csproj", "{337DBF88-ADE3-4D70-9178-9BAD2AFE1A99}"
EndProject
Project("{2150E333-8FDC-42A3-9474-1A3956D46DE8}") = "LoginService", "LoginService", "{19820E23-F4BF-493C-A83A-34C1C24FD371}"
EndProject
Project("{2150E333-8FDC-42A3-9474-1A3956D46DE8}") = "ClassroomService", "ClassroomService", "{63F553A7-A284-42B7-B852-D0399E7A91AA}"
EndProject
Project("{9A19103F-16F7-4668-BE54-9A1E7A4F7556}") = "ApiGateway", "ApiGateway\ApiGateway.csproj", "{8DE14303-ABD8-46DE-A925-A1B034D31FC4}"
EndProject
Project("{9A19103F-16F7-4668-BE54-9A1E7A4F7556}") = "JwtAuthenticationManager", "JwtAuthenticationManager\JwtAuthenticationManager.csproj", "{F8BB3975-360C-4C50-98A0-59A1A5E26250}"
EndProject
Project("{9A19103F-16F7-4668-BE54-9A1E7A4F7556}") = "AuthenticationServer", "AuthenticationServer\AuthenticationServer.csproj", "{253894A0-8E62-41A3-B498-35365C2C346A}"
EndProject
Project("{9A19103F-16F7-4668-BE54-9A1E7A4F7556}") = "ClassroomService", "ClassroomService\ClassroomService.csproj", "{B88AC0CF-B6CA-41F5-9566-5070C2AEA870}"
EndProject
Project("{2150E333-8FDC-42A3-9474-1A3956D46DE8}") = "Libaries", "Libaries", "{E150E7DD-D4A7-4AA0-B724-E83DC7B8E4AA}"
EndProject
Project("{2150E333-8FDC-42A3-9474-1A3956D46DE8}") = "Data", "Data", "{3D158FD2-88D4-40C3-959A-A2D32F0A39B7}"
EndProject
Project("{9A19103F-16F7-4668-BE54-9A1E7A4F7556}") = "ClienWebDemo", "ClientWebDemo\ClienWebDemo.csproj", "{CBD9F309-F5E9-47EF-AD94-F0A2C3A18026}"
EndProject
Project("{9A19103F-16F7-4668-BE54-9A1E7A4F7556}") = "Authentication_Data", "Authentication_Data\Authentication_Data.csproj", "{B4EE6CB5-BD7D-4751-A90E-46EF44087B6D}"
EndProject
Project("{9A19103F-16F7-4668-BE54-9A1E7A4F7556}") = "Authentication_Service", "Authentication_Service\Authentication_Service.csproj", "{746925F6-CC43-442C-955E-DBF488389278}"
EndProject
Project("{9A19103F-16F7-4668-BE54-9A1E7A4F7556}") = "Authentication_Infrastructure", "Authentication_Infrastructure\Authentication_Infrastructure.csproj", "{626B1267-963C-45A5-886F-FAEFDA03D79F}"
EndProject
Project("{FAE04EC0-301F-11D3-BF4B-00C04F79EFBC}") = "Repository", "Repository\Repository.csproj", "{EFABA3DE-7219-416D-9009-16D790CD4873}"
EndProject
Global
	GlobalSection(SolutionConfigurationPlatforms) = preSolution
		Debug|Any CPU = Debug|Any CPU
		Release|Any CPU = Release|Any CPU
	EndGlobalSection
	GlobalSection(ProjectConfigurationPlatforms) = postSolution
		{BBBE1631-5558-4F1A-B6A9-8D1BF63DB6C6}.Debug|Any CPU.ActiveCfg = Debug|Any CPU
		{BBBE1631-5558-4F1A-B6A9-8D1BF63DB6C6}.Debug|Any CPU.Build.0 = Debug|Any CPU
		{BBBE1631-5558-4F1A-B6A9-8D1BF63DB6C6}.Release|Any CPU.ActiveCfg = Release|Any CPU
		{BBBE1631-5558-4F1A-B6A9-8D1BF63DB6C6}.Release|Any CPU.Build.0 = Release|Any CPU
		{337DBF88-ADE3-4D70-9178-9BAD2AFE1A99}.Debug|Any CPU.ActiveCfg = Debug|Any CPU
		{337DBF88-ADE3-4D70-9178-9BAD2AFE1A99}.Debug|Any CPU.Build.0 = Debug|Any CPU
		{337DBF88-ADE3-4D70-9178-9BAD2AFE1A99}.Release|Any CPU.ActiveCfg = Release|Any CPU
		{337DBF88-ADE3-4D70-9178-9BAD2AFE1A99}.Release|Any CPU.Build.0 = Release|Any CPU
		{8DE14303-ABD8-46DE-A925-A1B034D31FC4}.Debug|Any CPU.ActiveCfg = Debug|Any CPU
		{8DE14303-ABD8-46DE-A925-A1B034D31FC4}.Debug|Any CPU.Build.0 = Debug|Any CPU
		{8DE14303-ABD8-46DE-A925-A1B034D31FC4}.Release|Any CPU.ActiveCfg = Release|Any CPU
		{8DE14303-ABD8-46DE-A925-A1B034D31FC4}.Release|Any CPU.Build.0 = Release|Any CPU
		{F8BB3975-360C-4C50-98A0-59A1A5E26250}.Debug|Any CPU.ActiveCfg = Debug|Any CPU
		{F8BB3975-360C-4C50-98A0-59A1A5E26250}.Debug|Any CPU.Build.0 = Debug|Any CPU
		{F8BB3975-360C-4C50-98A0-59A1A5E26250}.Release|Any CPU.ActiveCfg = Release|Any CPU
		{F8BB3975-360C-4C50-98A0-59A1A5E26250}.Release|Any CPU.Build.0 = Release|Any CPU
		{253894A0-8E62-41A3-B498-35365C2C346A}.Debug|Any CPU.ActiveCfg = Debug|Any CPU
		{253894A0-8E62-41A3-B498-35365C2C346A}.Debug|Any CPU.Build.0 = Debug|Any CPU
		{253894A0-8E62-41A3-B498-35365C2C346A}.Release|Any CPU.ActiveCfg = Release|Any CPU
		{253894A0-8E62-41A3-B498-35365C2C346A}.Release|Any CPU.Build.0 = Release|Any CPU
		{B88AC0CF-B6CA-41F5-9566-5070C2AEA870}.Debug|Any CPU.ActiveCfg = Debug|Any CPU
		{B88AC0CF-B6CA-41F5-9566-5070C2AEA870}.Debug|Any CPU.Build.0 = Debug|Any CPU
		{B88AC0CF-B6CA-41F5-9566-5070C2AEA870}.Release|Any CPU.ActiveCfg = Release|Any CPU
		{B88AC0CF-B6CA-41F5-9566-5070C2AEA870}.Release|Any CPU.Build.0 = Release|Any CPU
		{CBD9F309-F5E9-47EF-AD94-F0A2C3A18026}.Debug|Any CPU.ActiveCfg = Debug|Any CPU
		{CBD9F309-F5E9-47EF-AD94-F0A2C3A18026}.Debug|Any CPU.Build.0 = Debug|Any CPU
		{CBD9F309-F5E9-47EF-AD94-F0A2C3A18026}.Release|Any CPU.ActiveCfg = Release|Any CPU
		{CBD9F309-F5E9-47EF-AD94-F0A2C3A18026}.Release|Any CPU.Build.0 = Release|Any CPU
		{B4EE6CB5-BD7D-4751-A90E-46EF44087B6D}.Debug|Any CPU.ActiveCfg = Debug|Any CPU
		{B4EE6CB5-BD7D-4751-A90E-46EF44087B6D}.Debug|Any CPU.Build.0 = Debug|Any CPU
		{B4EE6CB5-BD7D-4751-A90E-46EF44087B6D}.Release|Any CPU.ActiveCfg = Release|Any CPU
		{B4EE6CB5-BD7D-4751-A90E-46EF44087B6D}.Release|Any CPU.Build.0 = Release|Any CPU
		{746925F6-CC43-442C-955E-DBF488389278}.Debug|Any CPU.ActiveCfg = Debug|Any CPU
		{746925F6-CC43-442C-955E-DBF488389278}.Debug|Any CPU.Build.0 = Debug|Any CPU
		{746925F6-CC43-442C-955E-DBF488389278}.Release|Any CPU.ActiveCfg = Release|Any CPU
		{746925F6-CC43-442C-955E-DBF488389278}.Release|Any CPU.Build.0 = Release|Any CPU
		{626B1267-963C-45A5-886F-FAEFDA03D79F}.Debug|Any CPU.ActiveCfg = Debug|Any CPU
		{626B1267-963C-45A5-886F-FAEFDA03D79F}.Debug|Any CPU.Build.0 = Debug|Any CPU
		{626B1267-963C-45A5-886F-FAEFDA03D79F}.Release|Any CPU.ActiveCfg = Release|Any CPU
		{626B1267-963C-45A5-886F-FAEFDA03D79F}.Release|Any CPU.Build.0 = Release|Any CPU
		{EFABA3DE-7219-416D-9009-16D790CD4873}.Debug|Any CPU.ActiveCfg = Debug|Any CPU
		{EFABA3DE-7219-416D-9009-16D790CD4873}.Debug|Any CPU.Build.0 = Debug|Any CPU
		{EFABA3DE-7219-416D-9009-16D790CD4873}.Release|Any CPU.ActiveCfg = Release|Any CPU
		{EFABA3DE-7219-416D-9009-16D790CD4873}.Release|Any CPU.Build.0 = Release|Any CPU
	EndGlobalSection
	GlobalSection(SolutionProperties) = preSolution
		HideSolutionNode = FALSE
	EndGlobalSection
	GlobalSection(NestedProjects) = preSolution
		{BBBE1631-5558-4F1A-B6A9-8D1BF63DB6C6} = {3D158FD2-88D4-40C3-959A-A2D32F0A39B7}
		{337DBF88-ADE3-4D70-9178-9BAD2AFE1A99} = {3D158FD2-88D4-40C3-959A-A2D32F0A39B7}
		{19820E23-F4BF-493C-A83A-34C1C24FD371} = {738A17F6-2E2A-4159-B3A0-A8A5ACE994BF}
		{63F553A7-A284-42B7-B852-D0399E7A91AA} = {738A17F6-2E2A-4159-B3A0-A8A5ACE994BF}
		{8DE14303-ABD8-46DE-A925-A1B034D31FC4} = {25C1BB86-8A2C-4FC8-BA7E-E2FA35BAB276}
		{F8BB3975-360C-4C50-98A0-59A1A5E26250} = {19820E23-F4BF-493C-A83A-34C1C24FD371}
		{253894A0-8E62-41A3-B498-35365C2C346A} = {19820E23-F4BF-493C-A83A-34C1C24FD371}
		{B88AC0CF-B6CA-41F5-9566-5070C2AEA870} = {63F553A7-A284-42B7-B852-D0399E7A91AA}
		{3D158FD2-88D4-40C3-959A-A2D32F0A39B7} = {63F553A7-A284-42B7-B852-D0399E7A91AA}
		{B4EE6CB5-BD7D-4751-A90E-46EF44087B6D} = {19820E23-F4BF-493C-A83A-34C1C24FD371}
		{746925F6-CC43-442C-955E-DBF488389278} = {19820E23-F4BF-493C-A83A-34C1C24FD371}
		{626B1267-963C-45A5-886F-FAEFDA03D79F} = {19820E23-F4BF-493C-A83A-34C1C24FD371}
		{EFABA3DE-7219-416D-9009-16D790CD4873} = {E150E7DD-D4A7-4AA0-B724-E83DC7B8E4AA}
	EndGlobalSection
	GlobalSection(ExtensibilityGlobals) = postSolution
		SolutionGuid = {76139341-62E4-441B-BF13-595F1ECAFBB9}
	EndGlobalSection
EndGlobal
