
Microsoft Visual Studio Solution File, Format Version 12.00
# Visual Studio Version 17
VisualStudioVersion = 17.6.33723.286
MinimumVisualStudioVersion = 10.0.40219.1
Project("{2150E333-8FDC-42A3-9474-1A3956D46DE8}") = "Microservices", "Microservices", "{738A17F6-2E2A-4159-B3A0-A8A5ACE994BF}"
EndProject
Project("{2150E333-8FDC-42A3-9474-1A3956D46DE8}") = "ApiGateway", "ApiGateway", "{25C1BB86-8A2C-4FC8-BA7E-E2FA35BAB276}"
EndProject
Project("{2150E333-8FDC-42A3-9474-1A3956D46DE8}") = "UserService", "UserService", "{19820E23-F4BF-493C-A83A-34C1C24FD371}"
EndProject
Project("{2150E333-8FDC-42A3-9474-1A3956D46DE8}") = "ClassroomService", "ClassroomService", "{63F553A7-A284-42B7-B852-D0399E7A91AA}"
EndProject
Project("{9A19103F-16F7-4668-BE54-9A1E7A4F7556}") = "ApiGateway", "ApiGateway\ApiGateway.csproj", "{8DE14303-ABD8-46DE-A925-A1B034D31FC4}"
EndProject
Project("{9A19103F-16F7-4668-BE54-9A1E7A4F7556}") = "JwtAuthenticationManager", "JwtAuthenticationManager\JwtAuthenticationManager.csproj", "{F8BB3975-360C-4C50-98A0-59A1A5E26250}"
EndProject
Project("{2150E333-8FDC-42A3-9474-1A3956D46DE8}") = "Libaries", "Libaries", "{E150E7DD-D4A7-4AA0-B724-E83DC7B8E4AA}"
EndProject
Project("{9A19103F-16F7-4668-BE54-9A1E7A4F7556}") = "ClienWebDemo", "ClientWebDemo\ClienWebDemo.csproj", "{CBD9F309-F5E9-47EF-AD94-F0A2C3A18026}"
EndProject
Project("{9A19103F-16F7-4668-BE54-9A1E7A4F7556}") = "Authentication_Server", "Authentication_Server\Authentication_Server.csproj", "{F895A484-820D-4047-BE36-3B60A4EB0B33}"
EndProject
Project("{9A19103F-16F7-4668-BE54-9A1E7A4F7556}") = "Authentication_Infrastructure", "Authentication_Infrastructure\Authentication_Infrastructure.csproj", "{2DAB0772-B072-4D6C-BA18-58961DF252B3}"
EndProject
Project("{9A19103F-16F7-4668-BE54-9A1E7A4F7556}") = "Authentication_Domain", "Authentication_Domain\Authentication_Domain.csproj", "{BB43E9D7-4EDA-4D7C-93D3-5FFDA8505A77}"
EndProject
Project("{9A19103F-16F7-4668-BE54-9A1E7A4F7556}") = "Authentication_Application", "Authentication_Application\Authentication_Application.csproj", "{B8AC404A-88D5-40CB-A3DF-8A4AC85D4B1B}"
EndProject
Project("{FAE04EC0-301F-11D3-BF4B-00C04F79EFBC}") = "SendMail", "SendMail\SendMail.csproj", "{E3F72632-30E3-43A0-A0B2-CB8D0047B91E}"
EndProject
Global
	GlobalSection(SolutionConfigurationPlatforms) = preSolution
		Debug|Any CPU = Debug|Any CPU
		Release|Any CPU = Release|Any CPU
	EndGlobalSection
	GlobalSection(ProjectConfigurationPlatforms) = postSolution
		{8DE14303-ABD8-46DE-A925-A1B034D31FC4}.Debug|Any CPU.ActiveCfg = Debug|Any CPU
		{8DE14303-ABD8-46DE-A925-A1B034D31FC4}.Debug|Any CPU.Build.0 = Debug|Any CPU
		{8DE14303-ABD8-46DE-A925-A1B034D31FC4}.Release|Any CPU.ActiveCfg = Release|Any CPU
		{8DE14303-ABD8-46DE-A925-A1B034D31FC4}.Release|Any CPU.Build.0 = Release|Any CPU
		{F8BB3975-360C-4C50-98A0-59A1A5E26250}.Debug|Any CPU.ActiveCfg = Debug|Any CPU
		{F8BB3975-360C-4C50-98A0-59A1A5E26250}.Debug|Any CPU.Build.0 = Debug|Any CPU
		{F8BB3975-360C-4C50-98A0-59A1A5E26250}.Release|Any CPU.ActiveCfg = Release|Any CPU
		{F8BB3975-360C-4C50-98A0-59A1A5E26250}.Release|Any CPU.Build.0 = Release|Any CPU
		{CBD9F309-F5E9-47EF-AD94-F0A2C3A18026}.Debug|Any CPU.ActiveCfg = Debug|Any CPU
		{CBD9F309-F5E9-47EF-AD94-F0A2C3A18026}.Debug|Any CPU.Build.0 = Debug|Any CPU
		{CBD9F309-F5E9-47EF-AD94-F0A2C3A18026}.Release|Any CPU.ActiveCfg = Release|Any CPU
		{CBD9F309-F5E9-47EF-AD94-F0A2C3A18026}.Release|Any CPU.Build.0 = Release|Any CPU
		{F895A484-820D-4047-BE36-3B60A4EB0B33}.Debug|Any CPU.ActiveCfg = Debug|Any CPU
		{F895A484-820D-4047-BE36-3B60A4EB0B33}.Debug|Any CPU.Build.0 = Debug|Any CPU
		{F895A484-820D-4047-BE36-3B60A4EB0B33}.Release|Any CPU.ActiveCfg = Release|Any CPU
		{F895A484-820D-4047-BE36-3B60A4EB0B33}.Release|Any CPU.Build.0 = Release|Any CPU
		{2DAB0772-B072-4D6C-BA18-58961DF252B3}.Debug|Any CPU.ActiveCfg = Debug|Any CPU
		{2DAB0772-B072-4D6C-BA18-58961DF252B3}.Debug|Any CPU.Build.0 = Debug|Any CPU
		{2DAB0772-B072-4D6C-BA18-58961DF252B3}.Release|Any CPU.ActiveCfg = Release|Any CPU
		{2DAB0772-B072-4D6C-BA18-58961DF252B3}.Release|Any CPU.Build.0 = Release|Any CPU
		{BB43E9D7-4EDA-4D7C-93D3-5FFDA8505A77}.Debug|Any CPU.ActiveCfg = Debug|Any CPU
		{BB43E9D7-4EDA-4D7C-93D3-5FFDA8505A77}.Debug|Any CPU.Build.0 = Debug|Any CPU
		{BB43E9D7-4EDA-4D7C-93D3-5FFDA8505A77}.Release|Any CPU.ActiveCfg = Release|Any CPU
		{BB43E9D7-4EDA-4D7C-93D3-5FFDA8505A77}.Release|Any CPU.Build.0 = Release|Any CPU
		{B8AC404A-88D5-40CB-A3DF-8A4AC85D4B1B}.Debug|Any CPU.ActiveCfg = Debug|Any CPU
		{B8AC404A-88D5-40CB-A3DF-8A4AC85D4B1B}.Debug|Any CPU.Build.0 = Debug|Any CPU
		{B8AC404A-88D5-40CB-A3DF-8A4AC85D4B1B}.Release|Any CPU.ActiveCfg = Release|Any CPU
		{B8AC404A-88D5-40CB-A3DF-8A4AC85D4B1B}.Release|Any CPU.Build.0 = Release|Any CPU
		{E3F72632-30E3-43A0-A0B2-CB8D0047B91E}.Debug|Any CPU.ActiveCfg = Debug|Any CPU
		{E3F72632-30E3-43A0-A0B2-CB8D0047B91E}.Debug|Any CPU.Build.0 = Debug|Any CPU
		{E3F72632-30E3-43A0-A0B2-CB8D0047B91E}.Release|Any CPU.ActiveCfg = Release|Any CPU
		{E3F72632-30E3-43A0-A0B2-CB8D0047B91E}.Release|Any CPU.Build.0 = Release|Any CPU
	EndGlobalSection
	GlobalSection(SolutionProperties) = preSolution
		HideSolutionNode = FALSE
	EndGlobalSection
	GlobalSection(NestedProjects) = preSolution
		{19820E23-F4BF-493C-A83A-34C1C24FD371} = {738A17F6-2E2A-4159-B3A0-A8A5ACE994BF}
		{63F553A7-A284-42B7-B852-D0399E7A91AA} = {738A17F6-2E2A-4159-B3A0-A8A5ACE994BF}
		{8DE14303-ABD8-46DE-A925-A1B034D31FC4} = {25C1BB86-8A2C-4FC8-BA7E-E2FA35BAB276}
		{F8BB3975-360C-4C50-98A0-59A1A5E26250} = {19820E23-F4BF-493C-A83A-34C1C24FD371}
		{F895A484-820D-4047-BE36-3B60A4EB0B33} = {19820E23-F4BF-493C-A83A-34C1C24FD371}
		{2DAB0772-B072-4D6C-BA18-58961DF252B3} = {19820E23-F4BF-493C-A83A-34C1C24FD371}
		{BB43E9D7-4EDA-4D7C-93D3-5FFDA8505A77} = {19820E23-F4BF-493C-A83A-34C1C24FD371}
		{B8AC404A-88D5-40CB-A3DF-8A4AC85D4B1B} = {19820E23-F4BF-493C-A83A-34C1C24FD371}
		{E3F72632-30E3-43A0-A0B2-CB8D0047B91E} = {E150E7DD-D4A7-4AA0-B724-E83DC7B8E4AA}
	EndGlobalSection
	GlobalSection(ExtensibilityGlobals) = postSolution
		SolutionGuid = {76139341-62E4-441B-BF13-595F1ECAFBB9}
	EndGlobalSection
EndGlobal
