
Microsoft Visual Studio Solution File, Format Version 12.00
# Visual Studio Version 17
VisualStudioVersion = 17.6.33723.286
MinimumVisualStudioVersion = 10.0.40219.1
Project("{2150E333-8FDC-42A3-9474-1A3956D46DE8}") = "Microservices", "Microservices", "{738A17F6-2E2A-4159-B3A0-A8A5ACE994BF}"
EndProject
Project("{2150E333-8FDC-42A3-9474-1A3956D46DE8}") = "ApiGateway", "ApiGateway", "{25C1BB86-8A2C-4FC8-BA7E-E2FA35BAB276}"
EndProject
Project("{9A19103F-16F7-4668-BE54-9A1E7A4F7556}") = "Classroom_Data", "Classroom_Data\Classroom_Data.csproj", "{BBBE1631-5558-4F1A-B6A9-8D1BF63DB6C6}"
EndProject
Project("{9A19103F-16F7-4668-BE54-9A1E7A4F7556}") = "Classroom_Application", "Classroom_Application\Classroom_Application.csproj", "{337DBF88-ADE3-4D70-9178-9BAD2AFE1A99}"
EndProject
Project("{2150E333-8FDC-42A3-9474-1A3956D46DE8}") = "LoginService", "LoginService", "{19820E23-F4BF-493C-A83A-34C1C24FD371}"
EndProject
Project("{2150E333-8FDC-42A3-9474-1A3956D46DE8}") = "ClassroomService", "ClassroomService", "{63F553A7-A284-42B7-B852-D0399E7A91AA}"
EndProject
Project("{9A19103F-16F7-4668-BE54-9A1E7A4F7556}") = "ApiGateway", "ApiGateway\ApiGateway.csproj", "{8DE14303-ABD8-46DE-A925-A1B034D31FC4}"
EndProject
Project("{9A19103F-16F7-4668-BE54-9A1E7A4F7556}") = "JwtAuthenticationManager", "JwtAuthenticationManager\JwtAuthenticationManager.csproj", "{F8BB3975-360C-4C50-98A0-59A1A5E26250}"
EndProject
Project("{9A19103F-16F7-4668-BE54-9A1E7A4F7556}") = "AuthenticationServer", "AuthenticationServer\AuthenticationServer.csproj", "{253894A0-8E62-41A3-B498-35365C2C346A}"
EndProject
Project("{9A19103F-16F7-4668-BE54-9A1E7A4F7556}") = "ClassroomService", "ClassroomService\ClassroomService.csproj", "{B88AC0CF-B6CA-41F5-9566-5070C2AEA870}"
EndProject
Project("{2150E333-8FDC-42A3-9474-1A3956D46DE8}") = "Libaries", "Libaries", "{E150E7DD-D4A7-4AA0-B724-E83DC7B8E4AA}"
EndProject
Project("{2150E333-8FDC-42A3-9474-1A3956D46DE8}") = "Data", "Data", "{3D158FD2-88D4-40C3-959A-A2D32F0A39B7}"
EndProject
Project("{9A19103F-16F7-4668-BE54-9A1E7A4F7556}") = "ClienWebDemo", "Demo\ClienWebDemo.csproj", "{3FD90323-E2F2-4B87-99C2-CB01CD5E08B4}"
EndProject
Global
	GlobalSection(SolutionConfigurationPlatforms) = preSolution
		Debug|Any CPU = Debug|Any CPU
		Release|Any CPU = Release|Any CPU
	EndGlobalSection
	GlobalSection(ProjectConfigurationPlatforms) = postSolution
		{BBBE1631-5558-4F1A-B6A9-8D1BF63DB6C6}.Debug|Any CPU.ActiveCfg = Debug|Any CPU
		{BBBE1631-5558-4F1A-B6A9-8D1BF63DB6C6}.Debug|Any CPU.Build.0 = Debug|Any CPU
		{BBBE1631-5558-4F1A-B6A9-8D1BF63DB6C6}.Release|Any CPU.ActiveCfg = Release|Any CPU
		{BBBE1631-5558-4F1A-B6A9-8D1BF63DB6C6}.Release|Any CPU.Build.0 = Release|Any CPU
		{337DBF88-ADE3-4D70-9178-9BAD2AFE1A99}.Debug|Any CPU.ActiveCfg = Debug|Any CPU
		{337DBF88-ADE3-4D70-9178-9BAD2AFE1A99}.Debug|Any CPU.Build.0 = Debug|Any CPU
		{337DBF88-ADE3-4D70-9178-9BAD2AFE1A99}.Release|Any CPU.ActiveCfg = Release|Any CPU
		{337DBF88-ADE3-4D70-9178-9BAD2AFE1A99}.Release|Any CPU.Build.0 = Release|Any CPU
		{8DE14303-ABD8-46DE-A925-A1B034D31FC4}.Debug|Any CPU.ActiveCfg = Debug|Any CPU
		{8DE14303-ABD8-46DE-A925-A1B034D31FC4}.Debug|Any CPU.Build.0 = Debug|Any CPU
		{8DE14303-ABD8-46DE-A925-A1B034D31FC4}.Release|Any CPU.ActiveCfg = Release|Any CPU
		{8DE14303-ABD8-46DE-A925-A1B034D31FC4}.Release|Any CPU.Build.0 = Release|Any CPU
		{F8BB3975-360C-4C50-98A0-59A1A5E26250}.Debug|Any CPU.ActiveCfg = Debug|Any CPU
		{F8BB3975-360C-4C50-98A0-59A1A5E26250}.Debug|Any CPU.Build.0 = Debug|Any CPU
		{F8BB3975-360C-4C50-98A0-59A1A5E26250}.Release|Any CPU.ActiveCfg = Release|Any CPU
		{F8BB3975-360C-4C50-98A0-59A1A5E26250}.Release|Any CPU.Build.0 = Release|Any CPU
		{253894A0-8E62-41A3-B498-35365C2C346A}.Debug|Any CPU.ActiveCfg = Debug|Any CPU
		{253894A0-8E62-41A3-B498-35365C2C346A}.Debug|Any CPU.Build.0 = Debug|Any CPU
		{253894A0-8E62-41A3-B498-35365C2C346A}.Release|Any CPU.ActiveCfg = Release|Any CPU
		{253894A0-8E62-41A3-B498-35365C2C346A}.Release|Any CPU.Build.0 = Release|Any CPU
		{B88AC0CF-B6CA-41F5-9566-5070C2AEA870}.Debug|Any CPU.ActiveCfg = Debug|Any CPU
		{B88AC0CF-B6CA-41F5-9566-5070C2AEA870}.Debug|Any CPU.Build.0 = Debug|Any CPU
		{B88AC0CF-B6CA-41F5-9566-5070C2AEA870}.Release|Any CPU.ActiveCfg = Release|Any CPU
		{B88AC0CF-B6CA-41F5-9566-5070C2AEA870}.Release|Any CPU.Build.0 = Release|Any CPU
		{3FD90323-E2F2-4B87-99C2-CB01CD5E08B4}.Debug|Any CPU.ActiveCfg = Debug|Any CPU
		{3FD90323-E2F2-4B87-99C2-CB01CD5E08B4}.Debug|Any CPU.Build.0 = Debug|Any CPU
		{3FD90323-E2F2-4B87-99C2-CB01CD5E08B4}.Release|Any CPU.ActiveCfg = Release|Any CPU
		{3FD90323-E2F2-4B87-99C2-CB01CD5E08B4}.Release|Any CPU.Build.0 = Release|Any CPU
	EndGlobalSection
	GlobalSection(SolutionProperties) = preSolution
		HideSolutionNode = FALSE
	EndGlobalSection
	GlobalSection(NestedProjects) = preSolution
		{BBBE1631-5558-4F1A-B6A9-8D1BF63DB6C6} = {3D158FD2-88D4-40C3-959A-A2D32F0A39B7}
		{337DBF88-ADE3-4D70-9178-9BAD2AFE1A99} = {3D158FD2-88D4-40C3-959A-A2D32F0A39B7}
		{19820E23-F4BF-493C-A83A-34C1C24FD371} = {738A17F6-2E2A-4159-B3A0-A8A5ACE994BF}
		{63F553A7-A284-42B7-B852-D0399E7A91AA} = {738A17F6-2E2A-4159-B3A0-A8A5ACE994BF}
		{8DE14303-ABD8-46DE-A925-A1B034D31FC4} = {25C1BB86-8A2C-4FC8-BA7E-E2FA35BAB276}
		{F8BB3975-360C-4C50-98A0-59A1A5E26250} = {E150E7DD-D4A7-4AA0-B724-E83DC7B8E4AA}
		{253894A0-8E62-41A3-B498-35365C2C346A} = {19820E23-F4BF-493C-A83A-34C1C24FD371}
		{B88AC0CF-B6CA-41F5-9566-5070C2AEA870} = {63F553A7-A284-42B7-B852-D0399E7A91AA}
		{3D158FD2-88D4-40C3-959A-A2D32F0A39B7} = {63F553A7-A284-42B7-B852-D0399E7A91AA}
	EndGlobalSection
	GlobalSection(ExtensibilityGlobals) = postSolution
		SolutionGuid = {76139341-62E4-441B-BF13-595F1ECAFBB9}
	EndGlobalSection
EndGlobal
