
Microsoft Visual Studio Solution File, Format Version 12.00
# Visual Studio Version 17
VisualStudioVersion = 17.6.33723.286
MinimumVisualStudioVersion = 10.0.40219.1
Project("{9A19103F-16F7-4668-BE54-9A1E7A4F7556}") = "SocialNetworkStory", "SocialNetworkStory\SocialNetworkStory.csproj", "{59F44561-992D-4DB9-BA64-31C0CDD10627}"
EndProject
Project("{9A19103F-16F7-4668-BE54-9A1E7A4F7556}") = "SocialNetWorkStory_Data", "SocialNetWorkStory_Data\SocialNetWorkStory_Data.csproj", "{84743CB5-E78E-4D8C-8535-79FC7E07A286}"
EndProject
Project("{9A19103F-16F7-4668-BE54-9A1E7A4F7556}") = "SocialNetworkStory_Application", "SocialNetworkStory_Application\SocialNetworkStory_Application.csproj", "{4544495B-77B1-4A36-A6E3-6C86FC3B8552}"
EndProject
Global
	GlobalSection(SolutionConfigurationPlatforms) = preSolution
		Debug|Any CPU = Debug|Any CPU
		Release|Any CPU = Release|Any CPU
	EndGlobalSection
	GlobalSection(ProjectConfigurationPlatforms) = postSolution
		{59F44561-992D-4DB9-BA64-31C0CDD10627}.Debug|Any CPU.ActiveCfg = Debug|Any CPU
		{59F44561-992D-4DB9-BA64-31C0CDD10627}.Debug|Any CPU.Build.0 = Debug|Any CPU
		{59F44561-992D-4DB9-BA64-31C0CDD10627}.Release|Any CPU.ActiveCfg = Release|Any CPU
		{59F44561-992D-4DB9-BA64-31C0CDD10627}.Release|Any CPU.Build.0 = Release|Any CPU
		{84743CB5-E78E-4D8C-8535-79FC7E07A286}.Debug|Any CPU.ActiveCfg = Debug|Any CPU
		{84743CB5-E78E-4D8C-8535-79FC7E07A286}.Debug|Any CPU.Build.0 = Debug|Any CPU
		{84743CB5-E78E-4D8C-8535-79FC7E07A286}.Release|Any CPU.ActiveCfg = Release|Any CPU
		{84743CB5-E78E-4D8C-8535-79FC7E07A286}.Release|Any CPU.Build.0 = Release|Any CPU
		{4544495B-77B1-4A36-A6E3-6C86FC3B8552}.Debug|Any CPU.ActiveCfg = Debug|Any CPU
		{4544495B-77B1-4A36-A6E3-6C86FC3B8552}.Debug|Any CPU.Build.0 = Debug|Any CPU
		{4544495B-77B1-4A36-A6E3-6C86FC3B8552}.Release|Any CPU.ActiveCfg = Release|Any CPU
		{4544495B-77B1-4A36-A6E3-6C86FC3B8552}.Release|Any CPU.Build.0 = Release|Any CPU
	EndGlobalSection
	GlobalSection(SolutionProperties) = preSolution
		HideSolutionNode = FALSE
	EndGlobalSection
	GlobalSection(ExtensibilityGlobals) = postSolution
		SolutionGuid = {76139341-62E4-441B-BF13-595F1ECAFBB9}
	EndGlobalSection
EndGlobal
