
Microsoft Visual Studio Solution File, Format Version 12.00
# Visual Studio Version 17
VisualStudioVersion = 17.7.33906.173
MinimumVisualStudioVersion = 10.0.40219.1
Project("{9A19103F-16F7-4668-BE54-9A1E7A4F7556}") = "MeetingServer", "MeetingServer\MeetingServer.csproj", "{96D7A881-51E6-4B3A-BD62-90A7F472A7E2}"
EndProject
Project("{9A19103F-16F7-4668-BE54-9A1E7A4F7556}") = "Events", "Events\Events.csproj", "{42C63BFD-8A86-4A15-9545-9E17D3CE8264}"
EndProject
Project("{9A19103F-16F7-4668-BE54-9A1E7A4F7556}") = "RabbitMQ_Lib", "RabbitMQ_Lib\RabbitMQ_Lib.csproj", "{733C992A-9955-4315-BD35-7C9577542998}"
EndProject
Global
	GlobalSection(SolutionConfigurationPlatforms) = preSolution
		Debug|Any CPU = Debug|Any CPU
		Release|Any CPU = Release|Any CPU
	EndGlobalSection
	GlobalSection(ProjectConfigurationPlatforms) = postSolution
		{96D7A881-51E6-4B3A-BD62-90A7F472A7E2}.Debug|Any CPU.ActiveCfg = Debug|Any CPU
		{96D7A881-51E6-4B3A-BD62-90A7F472A7E2}.Debug|Any CPU.Build.0 = Debug|Any CPU
		{96D7A881-51E6-4B3A-BD62-90A7F472A7E2}.Release|Any CPU.ActiveCfg = Release|Any CPU
		{96D7A881-51E6-4B3A-BD62-90A7F472A7E2}.Release|Any CPU.Build.0 = Release|Any CPU
		{42C63BFD-8A86-4A15-9545-9E17D3CE8264}.Debug|Any CPU.ActiveCfg = Debug|Any CPU
		{42C63BFD-8A86-4A15-9545-9E17D3CE8264}.Debug|Any CPU.Build.0 = Debug|Any CPU
		{42C63BFD-8A86-4A15-9545-9E17D3CE8264}.Release|Any CPU.ActiveCfg = Release|Any CPU
		{42C63BFD-8A86-4A15-9545-9E17D3CE8264}.Release|Any CPU.Build.0 = Release|Any CPU
		{733C992A-9955-4315-BD35-7C9577542998}.Debug|Any CPU.ActiveCfg = Debug|Any CPU
		{733C992A-9955-4315-BD35-7C9577542998}.Debug|Any CPU.Build.0 = Debug|Any CPU
		{733C992A-9955-4315-BD35-7C9577542998}.Release|Any CPU.ActiveCfg = Release|Any CPU
		{733C992A-9955-4315-BD35-7C9577542998}.Release|Any CPU.Build.0 = Release|Any CPU
	EndGlobalSection
	GlobalSection(SolutionProperties) = preSolution
		HideSolutionNode = FALSE
	EndGlobalSection
	GlobalSection(ExtensibilityGlobals) = postSolution
		SolutionGuid = {A8BBDBF9-4EB9-43C9-8A10-59058473C0BA}
	EndGlobalSection
EndGlobal
