
Microsoft Visual Studio Solution File, Format Version 12.00
# Visual Studio Version 17
VisualStudioVersion = 17.7.33906.173
MinimumVisualStudioVersion = 10.0.40219.1
Project("{9A19103F-16F7-4668-BE54-9A1E7A4F7556}") = "Domain", "Domain\Domain.csproj", "{D357D13D-F15C-4FB9-807D-26A1CDA3726F}"
EndProject
Project("{9A19103F-16F7-4668-BE54-9A1E7A4F7556}") = "Infrastructure", "Infrastructure\Infrastructure.csproj", "{7B8EBA8A-9A0E-466C-8451-889A99832DAF}"
EndProject
Project("{9A19103F-16F7-4668-BE54-9A1E7A4F7556}") = "Application", "Application\Application.csproj", "{66A0FB57-3047-4A17-B94D-823E662AAC19}"
EndProject
Project("{9A19103F-16F7-4668-BE54-9A1E7A4F7556}") = "UserServer", "UserServer\UserServer.csproj", "{471250E6-EFE3-4274-AECA-FD543AED6992}"
EndProject
Project("{2150E333-8FDC-42A3-9474-1A3956D46DE8}") = "Libraries", "Libraries", "{04802A5E-E71C-4E25-ACC6-4960A0727BDD}"
EndProject
Project("{9A19103F-16F7-4668-BE54-9A1E7A4F7556}") = "JwtAuthenticationManager", "JwtAuthenticationManager\JwtAuthenticationManager.csproj", "{5C711A02-0768-4268-B799-61B66AC00E8C}"
EndProject
Project("{9A19103F-16F7-4668-BE54-9A1E7A4F7556}") = "SendMail", "SendMail\SendMail.csproj", "{E8F9B8CD-6E13-4439-980C-02920543E67B}"
EndProject
Project("{E53339B2-1760-4266-BCC7-CA923CBCF16C}") = "docker-compose", "docker-compose.dcproj", "{0BCEE2D2-8FFF-4721-A0F8-6A9861FCFDA7}"
EndProject
Project("{2150E333-8FDC-42A3-9474-1A3956D46DE8}") = "Repository", "Repository", "{5F514F58-7A8E-45E7-A7E1-FB0A14F971F7}"
EndProject
Global
	GlobalSection(SolutionConfigurationPlatforms) = preSolution
		Debug|Any CPU = Debug|Any CPU
		Release|Any CPU = Release|Any CPU
	EndGlobalSection
	GlobalSection(ProjectConfigurationPlatforms) = postSolution
		{D357D13D-F15C-4FB9-807D-26A1CDA3726F}.Debug|Any CPU.ActiveCfg = Debug|Any CPU
		{D357D13D-F15C-4FB9-807D-26A1CDA3726F}.Debug|Any CPU.Build.0 = Debug|Any CPU
		{D357D13D-F15C-4FB9-807D-26A1CDA3726F}.Release|Any CPU.ActiveCfg = Release|Any CPU
		{D357D13D-F15C-4FB9-807D-26A1CDA3726F}.Release|Any CPU.Build.0 = Release|Any CPU
		{7B8EBA8A-9A0E-466C-8451-889A99832DAF}.Debug|Any CPU.ActiveCfg = Debug|Any CPU
		{7B8EBA8A-9A0E-466C-8451-889A99832DAF}.Debug|Any CPU.Build.0 = Debug|Any CPU
		{7B8EBA8A-9A0E-466C-8451-889A99832DAF}.Release|Any CPU.ActiveCfg = Release|Any CPU
		{7B8EBA8A-9A0E-466C-8451-889A99832DAF}.Release|Any CPU.Build.0 = Release|Any CPU
		{66A0FB57-3047-4A17-B94D-823E662AAC19}.Debug|Any CPU.ActiveCfg = Debug|Any CPU
		{66A0FB57-3047-4A17-B94D-823E662AAC19}.Debug|Any CPU.Build.0 = Debug|Any CPU
		{66A0FB57-3047-4A17-B94D-823E662AAC19}.Release|Any CPU.ActiveCfg = Release|Any CPU
		{66A0FB57-3047-4A17-B94D-823E662AAC19}.Release|Any CPU.Build.0 = Release|Any CPU
		{471250E6-EFE3-4274-AECA-FD543AED6992}.Debug|Any CPU.ActiveCfg = Debug|Any CPU
		{471250E6-EFE3-4274-AECA-FD543AED6992}.Debug|Any CPU.Build.0 = Debug|Any CPU
		{471250E6-EFE3-4274-AECA-FD543AED6992}.Release|Any CPU.ActiveCfg = Release|Any CPU
		{471250E6-EFE3-4274-AECA-FD543AED6992}.Release|Any CPU.Build.0 = Release|Any CPU
		{5C711A02-0768-4268-B799-61B66AC00E8C}.Debug|Any CPU.ActiveCfg = Debug|Any CPU
		{5C711A02-0768-4268-B799-61B66AC00E8C}.Debug|Any CPU.Build.0 = Debug|Any CPU
		{5C711A02-0768-4268-B799-61B66AC00E8C}.Release|Any CPU.ActiveCfg = Release|Any CPU
		{5C711A02-0768-4268-B799-61B66AC00E8C}.Release|Any CPU.Build.0 = Release|Any CPU
		{E8F9B8CD-6E13-4439-980C-02920543E67B}.Debug|Any CPU.ActiveCfg = Debug|Any CPU
		{E8F9B8CD-6E13-4439-980C-02920543E67B}.Debug|Any CPU.Build.0 = Debug|Any CPU
		{E8F9B8CD-6E13-4439-980C-02920543E67B}.Release|Any CPU.ActiveCfg = Release|Any CPU
		{E8F9B8CD-6E13-4439-980C-02920543E67B}.Release|Any CPU.Build.0 = Release|Any CPU
		{0BCEE2D2-8FFF-4721-A0F8-6A9861FCFDA7}.Debug|Any CPU.ActiveCfg = Debug|Any CPU
		{0BCEE2D2-8FFF-4721-A0F8-6A9861FCFDA7}.Debug|Any CPU.Build.0 = Debug|Any CPU
		{0BCEE2D2-8FFF-4721-A0F8-6A9861FCFDA7}.Release|Any CPU.ActiveCfg = Release|Any CPU
		{0BCEE2D2-8FFF-4721-A0F8-6A9861FCFDA7}.Release|Any CPU.Build.0 = Release|Any CPU
	EndGlobalSection
	GlobalSection(SolutionProperties) = preSolution
		HideSolutionNode = FALSE
	EndGlobalSection
	GlobalSection(NestedProjects) = preSolution
		{D357D13D-F15C-4FB9-807D-26A1CDA3726F} = {5F514F58-7A8E-45E7-A7E1-FB0A14F971F7}
		{7B8EBA8A-9A0E-466C-8451-889A99832DAF} = {5F514F58-7A8E-45E7-A7E1-FB0A14F971F7}
		{66A0FB57-3047-4A17-B94D-823E662AAC19} = {5F514F58-7A8E-45E7-A7E1-FB0A14F971F7}
		{5C711A02-0768-4268-B799-61B66AC00E8C} = {04802A5E-E71C-4E25-ACC6-4960A0727BDD}
		{E8F9B8CD-6E13-4439-980C-02920543E67B} = {04802A5E-E71C-4E25-ACC6-4960A0727BDD}
	EndGlobalSection
	GlobalSection(ExtensibilityGlobals) = postSolution
		SolutionGuid = {574DAC0B-04E2-4D79-9960-D82F97DC3881}
	EndGlobalSection
EndGlobal
