
Microsoft Visual Studio Solution File, Format Version 12.00
# Visual Studio Version 17
VisualStudioVersion = 17.7.33906.173
MinimumVisualStudioVersion = 10.0.40219.1
Project("{9A19103F-16F7-4668-BE54-9A1E7A4F7556}") = "Domain", "Domain\Domain.csproj", "{6317A1BD-C497-4B3F-A48B-ED1D51FE3465}"
EndProject
Project("{9A19103F-16F7-4668-BE54-9A1E7A4F7556}") = "Infrastructure", "Infrastructure\Infrastructure.csproj", "{A20FA276-0D4A-4243-B07B-11E0E48032D9}"
EndProject
Project("{9A19103F-16F7-4668-BE54-9A1E7A4F7556}") = "Application", "Application\Application.csproj", "{EAD872B5-550E-415A-9B1C-899608607EB8}"
EndProject
Project("{9A19103F-16F7-4668-BE54-9A1E7A4F7556}") = "ClassServer", "ClassServer\ClassServer.csproj", "{AF4E430C-E7F5-460B-AECE-632AF711595C}"
EndProject
Project("{2150E333-8FDC-42A3-9474-1A3956D46DE8}") = "Repository", "Repository", "{86305BDA-2AFD-4723-9809-C1D74BBFD066}"
EndProject
Project("{E53339B2-1760-4266-BCC7-CA923CBCF16C}") = "docker-compose", "docker-compose.dcproj", "{F659C526-DDF5-43B2-AE2C-5E942BD92D84}"
EndProject
Project("{2150E333-8FDC-42A3-9474-1A3956D46DE8}") = "Libraries", "Libraries", "{0C02DE84-A3FA-48C9-85E6-A0C202012E58}"
EndProject
Project("{9A19103F-16F7-4668-BE54-9A1E7A4F7556}") = "RabbitMQ_Lib", "RabbitMQ_Lib\RabbitMQ_Lib.csproj", "{F4F293F5-8460-4F77-8C90-AD7232ABCA0C}"
EndProject
Global
	GlobalSection(SolutionConfigurationPlatforms) = preSolution
		Debug|Any CPU = Debug|Any CPU
		Release|Any CPU = Release|Any CPU
	EndGlobalSection
	GlobalSection(ProjectConfigurationPlatforms) = postSolution
		{6317A1BD-C497-4B3F-A48B-ED1D51FE3465}.Debug|Any CPU.ActiveCfg = Debug|Any CPU
		{6317A1BD-C497-4B3F-A48B-ED1D51FE3465}.Debug|Any CPU.Build.0 = Debug|Any CPU
		{6317A1BD-C497-4B3F-A48B-ED1D51FE3465}.Release|Any CPU.ActiveCfg = Release|Any CPU
		{6317A1BD-C497-4B3F-A48B-ED1D51FE3465}.Release|Any CPU.Build.0 = Release|Any CPU
		{A20FA276-0D4A-4243-B07B-11E0E48032D9}.Debug|Any CPU.ActiveCfg = Debug|Any CPU
		{A20FA276-0D4A-4243-B07B-11E0E48032D9}.Debug|Any CPU.Build.0 = Debug|Any CPU
		{A20FA276-0D4A-4243-B07B-11E0E48032D9}.Release|Any CPU.ActiveCfg = Release|Any CPU
		{A20FA276-0D4A-4243-B07B-11E0E48032D9}.Release|Any CPU.Build.0 = Release|Any CPU
		{EAD872B5-550E-415A-9B1C-899608607EB8}.Debug|Any CPU.ActiveCfg = Debug|Any CPU
		{EAD872B5-550E-415A-9B1C-899608607EB8}.Debug|Any CPU.Build.0 = Debug|Any CPU
		{EAD872B5-550E-415A-9B1C-899608607EB8}.Release|Any CPU.ActiveCfg = Release|Any CPU
		{EAD872B5-550E-415A-9B1C-899608607EB8}.Release|Any CPU.Build.0 = Release|Any CPU
		{AF4E430C-E7F5-460B-AECE-632AF711595C}.Debug|Any CPU.ActiveCfg = Debug|Any CPU
		{AF4E430C-E7F5-460B-AECE-632AF711595C}.Debug|Any CPU.Build.0 = Debug|Any CPU
		{AF4E430C-E7F5-460B-AECE-632AF711595C}.Release|Any CPU.ActiveCfg = Release|Any CPU
		{AF4E430C-E7F5-460B-AECE-632AF711595C}.Release|Any CPU.Build.0 = Release|Any CPU
		{F659C526-DDF5-43B2-AE2C-5E942BD92D84}.Debug|Any CPU.ActiveCfg = Debug|Any CPU
		{F659C526-DDF5-43B2-AE2C-5E942BD92D84}.Debug|Any CPU.Build.0 = Debug|Any CPU
		{F659C526-DDF5-43B2-AE2C-5E942BD92D84}.Release|Any CPU.ActiveCfg = Release|Any CPU
		{F659C526-DDF5-43B2-AE2C-5E942BD92D84}.Release|Any CPU.Build.0 = Release|Any CPU
		{F4F293F5-8460-4F77-8C90-AD7232ABCA0C}.Debug|Any CPU.ActiveCfg = Debug|Any CPU
		{F4F293F5-8460-4F77-8C90-AD7232ABCA0C}.Debug|Any CPU.Build.0 = Debug|Any CPU
		{F4F293F5-8460-4F77-8C90-AD7232ABCA0C}.Release|Any CPU.ActiveCfg = Release|Any CPU
		{F4F293F5-8460-4F77-8C90-AD7232ABCA0C}.Release|Any CPU.Build.0 = Release|Any CPU
	EndGlobalSection
	GlobalSection(SolutionProperties) = preSolution
		HideSolutionNode = FALSE
	EndGlobalSection
	GlobalSection(NestedProjects) = preSolution
		{6317A1BD-C497-4B3F-A48B-ED1D51FE3465} = {86305BDA-2AFD-4723-9809-C1D74BBFD066}
		{A20FA276-0D4A-4243-B07B-11E0E48032D9} = {86305BDA-2AFD-4723-9809-C1D74BBFD066}
		{EAD872B5-550E-415A-9B1C-899608607EB8} = {86305BDA-2AFD-4723-9809-C1D74BBFD066}
		{F4F293F5-8460-4F77-8C90-AD7232ABCA0C} = {0C02DE84-A3FA-48C9-85E6-A0C202012E58}
	EndGlobalSection
	GlobalSection(ExtensibilityGlobals) = postSolution
		SolutionGuid = {46648CC9-1EC6-4E05-B68D-CA4EFD69558A}
	EndGlobalSection
EndGlobal
